{
  "name": "backend",
  "lockfileVersion": 3,
  "requires": true,
  "packages": {
    "": {
      "name": "backend",
      "dependencies": {
        "@prisma/client": "^5.18.0",
        "@privy-io/server-auth": "^1.9.7",
        "hono": "^4.5.4",
        "postgres": "^3.4.4",
        "uuid": "^10.0.0"
      },
      "devDependencies": {
        "@types/bun": "latest",
        "@types/uuid": "^10.0.0",
        "prisma": "^5.18.0"
      }
    },
    "node_modules/@prisma/client": {
      "version": "5.18.0",
      "resolved": "https://registry.npmjs.org/@prisma/client/-/client-5.18.0.tgz",
      "integrity": "sha512-BWivkLh+af1kqC89zCJYkHsRcyWsM8/JHpsDMM76DjP3ZdEquJhXa4IeX+HkWPnwJ5FanxEJFZZDTWiDs/Kvyw==",
      "hasInstallScript": true,
      "engines": {
        "node": ">=16.13"
      },
      "peerDependencies": {
        "prisma": "*"
      },
      "peerDependenciesMeta": {
        "prisma": {
          "optional": true
        }
      }
    },
    "node_modules/@prisma/debug": {
      "version": "5.18.0",
      "devOptional": true,
      "license": "Apache-2.0"
    },
    "node_modules/@prisma/engines": {
      "version": "5.18.0",
      "devOptional": true,
      "hasInstallScript": true,
      "license": "Apache-2.0",
      "dependencies": {
        "@prisma/debug": "5.18.0",
        "@prisma/engines-version": "5.18.0-25.4c784e32044a8a016d99474bd02a3b6123742169",
        "@prisma/fetch-engine": "5.18.0",
        "@prisma/get-platform": "5.18.0"
      }
    },
    "node_modules/@prisma/engines-version": {
      "version": "5.18.0-25.4c784e32044a8a016d99474bd02a3b6123742169",
      "devOptional": true,
      "license": "Apache-2.0"
    },
    "node_modules/@prisma/fetch-engine": {
      "version": "5.18.0",
      "devOptional": true,
      "license": "Apache-2.0",
      "dependencies": {
        "@prisma/debug": "5.18.0",
        "@prisma/engines-version": "5.18.0-25.4c784e32044a8a016d99474bd02a3b6123742169",
        "@prisma/get-platform": "5.18.0"
      }
    },
    "node_modules/@prisma/get-platform": {
      "version": "5.18.0",
      "devOptional": true,
      "license": "Apache-2.0",
      "dependencies": {
        "@prisma/debug": "5.18.0"
      }
    },
    "node_modules/@privy-io/server-auth": {
      "version": "1.9.7",
      "license": "Apache-2.0",
      "dependencies": {
        "dotenv": "^16.0.3",
        "jose": "^4.10.4",
        "node-fetch-native": "^1.4.0",
        "redaxios": "^0.5.1",
        "ts-case-convert": "^2.0.2",
        "type-fest": "^3.6.1"
      }
    },
    "node_modules/@types/bun": {
      "version": "1.1.6",
      "resolved": "https://registry.npmjs.org/@types/bun/-/bun-1.1.6.tgz",
      "integrity": "sha512-uJgKjTdX0GkWEHZzQzFsJkWp5+43ZS7HC8sZPFnOwnSo1AsNl2q9o2bFeS23disNDqbggEgyFkKCHl/w8iZsMA==",
      "dev": true,
      "dependencies": {
        "bun-types": "1.1.17"
      }
    },
    "node_modules/@types/node": {
      "version": "20.12.14",
      "dev": true,
      "license": "MIT",
      "dependencies": {
        "undici-types": "~5.26.4"
      }
    },
    "node_modules/@types/uuid": {
      "version": "10.0.0",
      "resolved": "https://registry.npmjs.org/@types/uuid/-/uuid-10.0.0.tgz",
      "integrity": "sha512-7gqG38EyHgyP1S+7+xomFtL+ZNHcKv6DwNaCZmJmo1vgMugyF3TCnXVg4t1uk89mLNwnLtnY3TpOpCOyp1/xHQ==",
      "dev": true
    },
    "node_modules/@types/ws": {
      "version": "8.5.12",
      "dev": true,
      "license": "MIT",
      "dependencies": {
        "@types/node": "*"
      }
    },
    "node_modules/bun-types": {
      "version": "1.1.17",
      "dev": true,
      "license": "MIT",
      "dependencies": {
        "@types/node": "~20.12.8",
        "@types/ws": "~8.5.10"
      }
    },
    "node_modules/dotenv": {
      "version": "16.4.5",
      "license": "BSD-2-Clause",
      "engines": {
        "node": ">=12"
      },
      "funding": {
        "url": "https://dotenvx.com"
      }
    },
    "node_modules/hono": {
      "version": "4.5.4",
      "license": "MIT",
      "engines": {
        "node": ">=16.0.0"
      }
    },
    "node_modules/jose": {
      "version": "4.15.9",
      "license": "MIT",
      "funding": {
        "url": "https://github.com/sponsors/panva"
      }
    },
    "node_modules/node-fetch-native": {
      "version": "1.6.4",
      "license": "MIT"
    },
    "node_modules/postgres": {
      "version": "3.4.4",
      "license": "Unlicense",
      "engines": {
        "node": ">=12"
      },
      "funding": {
        "type": "individual",
        "url": "https://github.com/sponsors/porsager"
      }
    },
    "node_modules/prisma": {
      "version": "5.18.0",
      "devOptional": true,
      "hasInstallScript": true,
      "license": "Apache-2.0",
      "dependencies": {
        "@prisma/engines": "5.18.0"
      },
      "bin": {
        "prisma": "build/index.js"
      },
      "engines": {
        "node": ">=16.13"
      }
    },
    "node_modules/redaxios": {
      "version": "0.5.1",
      "license": "Apache-2.0"
    },
    "node_modules/ts-case-convert": {
      "version": "2.0.7",
      "license": "Apache-2.0"
    },
    "node_modules/type-fest": {
      "version": "3.13.1",
      "license": "(MIT OR CC0-1.0)",
      "engines": {
        "node": ">=14.16"
      },
      "funding": {
        "url": "https://github.com/sponsors/sindresorhus"
      }
    },
    "node_modules/undici-types": {
      "version": "5.26.5",
      "dev": true,
      "license": "MIT"
    },
    "node_modules/uuid": {
      "version": "10.0.0",
      "resolved": "https://registry.npmjs.org/uuid/-/uuid-10.0.0.tgz",
      "integrity": "sha512-8XkAphELsDnEGrDxUOHB3RGvXz6TeuYSGEZBOjtTtPm2lwhGBjLgOzLHB63IUWfBpNucQjND6d3AOudO+H3RWQ==",
      "funding": [
        "https://github.com/sponsors/broofa",
        "https://github.com/sponsors/ctavan"
      ],
      "bin": {
        "uuid": "dist/bin/uuid"
      }
    }
  }
}
